// !$*UTF8*$!
{
	archiveVersion = 1;
	classes = {
	};
	objectVersion = 50;
	objects = {

/* Begin PBXBuildFile section */
		7500B52422F9091100819C54 /* AppDelegate.swift in Sources */ = {isa = PBXBuildFile; fileRef = 7500B52322F9091100819C54 /* AppDelegate.swift */; };
		7500B52622F9091100819C54 /* ViewController.swift in Sources */ = {isa = PBXBuildFile; fileRef = 7500B52522F9091100819C54 /* ViewController.swift */; };
		7500B52922F9091100819C54 /* Main.storyboard in Resources */ = {isa = PBXBuildFile; fileRef = 7500B52722F9091100819C54 /* Main.storyboard */; };
		7500B52B22F9091100819C54 /* Assets.xcassets in Resources */ = {isa = PBXBuildFile; fileRef = 7500B52A22F9091100819C54 /* Assets.xcassets */; };
		7500B52E22F9091100819C54 /* LaunchScreen.storyboard in Resources */ = {isa = PBXBuildFile; fileRef = 7500B52C22F9091100819C54 /* LaunchScreen.storyboard */; };
		7500B53A22F909E600819C54 /* Extensions.swift in Sources */ = {isa = PBXBuildFile; fileRef = 7500B53922F909E600819C54 /* Extensions.swift */; };
		7500B53C22F90A5D00819C54 /* PokeIndexCell.swift in Sources */ = {isa = PBXBuildFile; fileRef = 7500B53B22F90A5D00819C54 /* PokeIndexCell.swift */; };
		7500B53E22F90A9400819C54 /* PokeIndexController.swift in Sources */ = {isa = PBXBuildFile; fileRef = 7500B53D22F90A9400819C54 /* PokeIndexController.swift */; };
		7500B54022F9178E00819C54 /* Pokemon.swift in Sources */ = {isa = PBXBuildFile; fileRef = 7500B53F22F9178E00819C54 /* Pokemon.swift */; };
		7500B54322F91AC900819C54 /* Service.swift in Sources */ = {isa = PBXBuildFile; fileRef = 7500B54222F91AC900819C54 /* Service.swift */; };
/* End PBXBuildFile section */

/* Begin PBXFileReference section */
		7500B52022F9091100819C54 /* PokeIndex.app */ = {isa = PBXFileReference; explicitFileType = wrapper.application; includeInIndex = 0; path = PokeIndex.app; sourceTree = BUILT_PRODUCTS_DIR; };
		7500B52322F9091100819C54 /* AppDelegate.swift */ = {isa = PBXFileReference; lastKnownFileType = sourcecode.swift; path = AppDelegate.swift; sourceTree = "<group>"; };
		7500B52522F9091100819C54 /* ViewController.swift */ = {isa = PBXFileReference; lastKnownFileType = sourcecode.swift; path = ViewController.swift; sourceTree = "<group>"; };
		7500B52822F9091100819C54 /* Base */ = {isa = PBXFileReference; lastKnownFileType = file.storyboard; name = Base; path = Base.lproj/Main.storyboard; sourceTree = "<group>"; };
		7500B52A22F9091100819C54 /* Assets.xcassets */ = {isa = PBXFileReference; lastKnownFileType = folder.assetcatalog; path = Assets.xcassets; sourceTree = "<group>"; };
		7500B52D22F9091100819C54 /* Base */ = {isa = PBXFileReference; lastKnownFileType = file.storyboard; name = Base; path = Base.lproj/LaunchScreen.storyboard; sourceTree = "<group>"; };
		7500B52F22F9091100819C54 /* Info.plist */ = {isa = PBXFileReference; lastKnownFileType = text.plist.xml; path = Info.plist; sourceTree = "<group>"; };
		7500B53922F909E600819C54 /* Extensions.swift */ = {isa = PBXFileReference; lastKnownFileType = sourcecode.swift; path = Extensions.swift; sourceTree = "<group>"; };
		7500B53B22F90A5D00819C54 /* PokeIndexCell.swift */ = {isa = PBXFileReference; lastKnownFileType = sourcecode.swift; path = PokeIndexCell.swift; sourceTree = "<group>"; };
		7500B53D22F90A9400819C54 /* PokeIndexController.swift */ = {isa = PBXFileReference; lastKnownFileType = sourcecode.swift; path = PokeIndexController.swift; sourceTree = "<group>"; };
		7500B53F22F9178E00819C54 /* Pokemon.swift */ = {isa = PBXFileReference; lastKnownFileType = sourcecode.swift; path = Pokemon.swift; sourceTree = "<group>"; };
		7500B54222F91AC900819C54 /* Service.swift */ = {isa = PBXFileReference; lastKnownFileType = sourcecode.swift; path = Service.swift; sourceTree = "<group>"; };
/* End PBXFileReference section */

/* Begin PBXFrameworksBuildPhase section */
		7500B51D22F9091100819C54 /* Frameworks */ = {
			isa = PBXFrameworksBuildPhase;
			buildActionMask = 2147483647;
			files = (
			);
			runOnlyForDeploymentPostprocessing = 0;
		};
/* End PBXFrameworksBuildPhase section */

/* Begin PBXGroup section */
		7500B51722F9091100819C54 = {
			isa = PBXGroup;
			children = (
				7500B52222F9091100819C54 /* PokeIndex */,
				7500B52122F9091100819C54 /* Products */,
			);
			sourceTree = "<group>";
		};
		7500B52122F9091100819C54 /* Products */ = {
			isa = PBXGroup;
			children = (
				7500B52022F9091100819C54 /* PokeIndex.app */,
			);
			name = Products;
			sourceTree = "<group>";
		};
		7500B52222F9091100819C54 /* PokeIndex */ = {
			isa = PBXGroup;
			children = (
				7500B54122F91AA200819C54 /* Service */,
				7500B53822F9094500819C54 /* Utils */,
				7500B53722F9093600819C54 /* Controller */,
				7500B53622F9092C00819C54 /* View */,
				7500B53522F9091D00819C54 /* Model */,
				7500B52322F9091100819C54 /* AppDelegate.swift */,
				7500B52522F9091100819C54 /* ViewController.swift */,
				7500B52722F9091100819C54 /* Main.storyboard */,
				7500B52A22F9091100819C54 /* Assets.xcassets */,
				7500B52C22F9091100819C54 /* LaunchScreen.storyboard */,
				7500B52F22F9091100819C54 /* Info.plist */,
			);
			path = PokeIndex;
			sourceTree = "<group>";
		};
		7500B53522F9091D00819C54 /* Model */ = {
			isa = PBXGroup;
			children = (
				7500B53F22F9178E00819C54 /* Pokemon.swift */,
			);
			path = Model;
			sourceTree = "<group>";
		};
		7500B53622F9092C00819C54 /* View */ = {
			isa = PBXGroup;
			children = (
				7500B53B22F90A5D00819C54 /* PokeIndexCell.swift */,
			);
			path = View;
			sourceTree = "<group>";
		};
		7500B53722F9093600819C54 /* Controller */ = {
			isa = PBXGroup;
			children = (
				7500B53D22F90A9400819C54 /* PokeIndexController.swift */,
			);
			path = Controller;
			sourceTree = "<group>";
		};
		7500B53822F9094500819C54 /* Utils */ = {
			isa = PBXGroup;
			children = (
				7500B53922F909E600819C54 /* Extensions.swift */,
			);
			path = Utils;
			sourceTree = "<group>";
		};
		7500B54122F91AA200819C54 /* Service */ = {
			isa = PBXGroup;
			children = (
				7500B54222F91AC900819C54 /* Service.swift */,
			);
			path = Service;
			sourceTree = "<group>";
		};
/* End PBXGroup section */

/* Begin PBXNativeTarget section */
		7500B51F22F9091100819C54 /* PokeIndex */ = {
			isa = PBXNativeTarget;
			buildConfigurationList = 7500B53222F9091100819C54 /* Build configuration list for PBXNativeTarget "PokeIndex" */;
			buildPhases = (
				7500B51C22F9091100819C54 /* Sources */,
				7500B51D22F9091100819C54 /* Frameworks */,
				7500B51E22F9091100819C54 /* Resources */,
			);
			buildRules = (
			);
			dependencies = (
			);
			name = PokeIndex;
			productName = PokeIndex;
			productReference = 7500B52022F9091100819C54 /* PokeIndex.app */;
			productType = "com.apple.product-type.application";
		};
/* End PBXNativeTarget section */

/* Begin PBXProject section */
		7500B51822F9091100819C54 /* Project object */ = {
			isa = PBXProject;
			attributes = {
				LastSwiftUpdateCheck = 1030;
				LastUpgradeCheck = 1030;
				ORGANIZATIONNAME = elizeurs;
				TargetAttributes = {
					7500B51F22F9091100819C54 = {
						CreatedOnToolsVersion = 10.3;
					};
				};
			};
			buildConfigurationList = 7500B51B22F9091100819C54 /* Build configuration list for PBXProject "PokeIndex" */;
			compatibilityVersion = "Xcode 9.3";
			developmentRegion = en;
			hasScannedForEncodings = 0;
			knownRegions = (
				en,
				Base,
			);
			mainGroup = 7500B51722F9091100819C54;
			productRefGroup = 7500B52122F9091100819C54 /* Products */;
			projectDirPath = "";
			projectRoot = "";
			targets = (
				7500B51F22F9091100819C54 /* PokeIndex */,
			);
		};
/* End PBXProject section */

/* Begin PBXResourcesBuildPhase section */
		7500B51E22F9091100819C54 /* Resources */ = {
			isa = PBXResourcesBuildPhase;
			buildActionMask = 2147483647;
			files = (
				7500B52E22F9091100819C54 /* LaunchScreen.storyboard in Resources */,
				7500B52B22F9091100819C54 /* Assets.xcassets in Resources */,
				7500B52922F9091100819C54 /* Main.storyboard in Resources */,
			);
			runOnlyForDeploymentPostprocessing = 0;
		};
/* End PBXResourcesBuildPhase section */

/* Begin PBXSourcesBuildPhase section */
		7500B51C22F9091100819C54 /* Sources */ = {
			isa = PBXSourcesBuildPhase;
			buildActionMask = 2147483647;
			files = (
				7500B52622F9091100819C54 /* ViewController.swift in Sources */,
				7500B54322F91AC900819C54 /* Service.swift in Sources */,
				7500B53C22F90A5D00819C54 /* PokeIndexCell.swift in Sources */,
				7500B53E22F90A9400819C54 /* PokeIndexController.swift in Sources */,
				7500B53A22F909E600819C54 /* Extensions.swift in Sources */,
				7500B52422F9091100819C54 /* AppDelegate.swift in Sources */,
				7500B54022F9178E00819C54 /* Pokemon.swift in Sources */,
			);
			runOnlyForDeploymentPostprocessing = 0;
		};
/* End PBXSourcesBuildPhase section */

/* Begin PBXVariantGroup section */
		7500B52722F9091100819C54 /* Main.storyboard */ = {
			isa = PBXVariantGroup;
			children = (
				7500B52822F9091100819C54 /* Base */,
			);
			name = Main.storyboard;
			sourceTree = "<group>";
		};
		7500B52C22F9091100819C54 /* LaunchScreen.storyboard */ = {
			isa = PBXVariantGroup;
			children = (
				7500B52D22F9091100819C54 /* Base */,
			);
			name = LaunchScreen.storyboard;
			sourceTree = "<group>";
		};
/* End PBXVariantGroup section */

/* Begin XCBuildConfiguration section */
		7500B53022F9091100819C54 /* Debug */ = {
			isa = XCBuildConfiguration;
			buildSettings = {
				ALWAYS_SEARCH_USER_PATHS = NO;
				CLANG_ANALYZER_NONNULL = YES;
				CLANG_ANALYZER_NUMBER_OBJECT_CONVERSION = YES_AGGRESSIVE;
				CLANG_CXX_LANGUAGE_STANDARD = "gnu++14";
				CLANG_CXX_LIBRARY = "libc++";
				CLANG_ENABLE_MODULES = YES;
				CLANG_ENABLE_OBJC_ARC = YES;
				CLANG_ENABLE_OBJC_WEAK = YES;
				CLANG_WARN_BLOCK_CAPTURE_AUTORELEASING = YES;
				CLANG_WARN_BOOL_CONVERSION = YES;
				CLANG_WARN_COMMA = YES;
				CLANG_WARN_CONSTANT_CONVERSION = YES;
				CLANG_WARN_DEPRECATED_OBJC_IMPLEMENTATIONS = YES;
				CLANG_WARN_DIRECT_OBJC_ISA_USAGE = YES_ERROR;
				CLANG_WARN_DOCUMENTATION_COMMENTS = YES;
				CLANG_WARN_EMPTY_BODY = YES;
				CLANG_WARN_ENUM_CONVERSION = YES;
				CLANG_WARN_INFINITE_RECURSION = YES;
				CLANG_WARN_INT_CONVERSION = YES;
				CLANG_WARN_NON_LITERAL_NULL_CONVERSION = YES;
				CLANG_WARN_OBJC_IMPLICIT_RETAIN_SELF = YES;
				CLANG_WARN_OBJC_LITERAL_CONVERSION = YES;
				CLANG_WARN_OBJC_ROOT_CLASS = YES_ERROR;
				CLANG_WARN_RANGE_LOOP_ANALYSIS = YES;
				CLANG_WARN_STRICT_PROTOTYPES = YES;
				CLANG_WARN_SUSPICIOUS_MOVE = YES;
				CLANG_WARN_UNGUARDED_AVAILABILITY = YES_AGGRESSIVE;
				CLANG_WARN_UNREACHABLE_CODE = YES;
				CLANG_WARN__DUPLICATE_METHOD_MATCH = YES;
				CODE_SIGN_IDENTITY = "iPhone Developer";
				COPY_PHASE_STRIP = NO;
				DEBUG_INFORMATION_FORMAT = dwarf;
				ENABLE_STRICT_OBJC_MSGSEND = YES;
				ENABLE_TESTABILITY = YES;
				GCC_C_LANGUAGE_STANDARD = gnu11;
				GCC_DYNAMIC_NO_PIC = NO;
				GCC_NO_COMMON_BLOCKS = YES;
				GCC_OPTIMIZATION_LEVEL = 0;
				GCC_PREPROCESSOR_DEFINITIONS = (
					"DEBUG=1",
					"$(inherited)",
				);
				GCC_WARN_64_TO_32_BIT_CONVERSION = YES;
				GCC_WARN_ABOUT_RETURN_TYPE = YES_ERROR;
				GCC_WARN_UNDECLARED_SELECTOR = YES;
				GCC_WARN_UNINITIALIZED_AUTOS = YES_AGGRESSIVE;
				GCC_WARN_UNUSED_FUNCTION = YES;
				GCC_WARN_UNUSED_VARIABLE = YES;
				IPHONEOS_DEPLOYMENT_TARGET = 12.4;
				MTL_ENABLE_DEBUG_INFO = INCLUDE_SOURCE;
				MTL_FAST_MATH = YES;
				ONLY_ACTIVE_ARCH = YES;
				SDKROOT = iphoneos;
				SWIFT_ACTIVE_COMPILATION_CONDITIONS = DEBUG;
				SWIFT_OPTIMIZATION_LEVEL = "-Onone";
			};
			name = Debug;
		};
		7500B53122F9091100819C54 /* Release */ = {
			isa = XCBuildConfiguration;
			buildSettings = {
				ALWAYS_SEARCH_USER_PATHS = NO;
				CLANG_ANALYZER_NONNULL = YES;
				CLANG_ANALYZER_NUMBER_OBJECT_CONVERSION = YES_AGGRESSIVE;
				CLANG_CXX_LANGUAGE_STANDARD = "gnu++14";
				CLANG_CXX_LIBRARY = "libc++";
				CLANG_ENABLE_MODULES = YES;
				CLANG_ENABLE_OBJC_ARC = YES;
				CLANG_ENABLE_OBJC_WEAK = YES;
				CLANG_WARN_BLOCK_CAPTURE_AUTORELEASING = YES;
				CLANG_WARN_BOOL_CONVERSION = YES;
				CLANG_WARN_COMMA = YES;
				CLANG_WARN_CONSTANT_CONVERSION = YES;
				CLANG_WARN_DEPRECATED_OBJC_IMPLEMENTATIONS = YES;
				CLANG_WARN_DIRECT_OBJC_ISA_USAGE = YES_ERROR;
				CLANG_WARN_DOCUMENTATION_COMMENTS = YES;
				CLANG_WARN_EMPTY_BODY = YES;
				CLANG_WARN_ENUM_CONVERSION = YES;
				CLANG_WARN_INFINITE_RECURSION = YES;
				CLANG_WARN_INT_CONVERSION = YES;
				CLANG_WARN_NON_LITERAL_NULL_CONVERSION = YES;
				CLANG_WARN_OBJC_IMPLICIT_RETAIN_SELF = YES;
				CLANG_WARN_OBJC_LITERAL_CONVERSION = YES;
				CLANG_WARN_OBJC_ROOT_CLASS = YES_ERROR;
				CLANG_WARN_RANGE_LOOP_ANALYSIS = YES;
				CLANG_WARN_STRICT_PROTOTYPES = YES;
				CLANG_WARN_SUSPICIOUS_MOVE = YES;
				CLANG_WARN_UNGUARDED_AVAILABILITY = YES_AGGRESSIVE;
				CLANG_WARN_UNREACHABLE_CODE = YES;
				CLANG_WARN__DUPLICATE_METHOD_MATCH = YES;
				CODE_SIGN_IDENTITY = "iPhone Developer";
				COPY_PHASE_STRIP = NO;
				DEBUG_INFORMATION_FORMAT = "dwarf-with-dsym";
				ENABLE_NS_ASSERTIONS = NO;
				ENABLE_STRICT_OBJC_MSGSEND = YES;
				GCC_C_LANGUAGE_STANDARD = gnu11;
				GCC_NO_COMMON_BLOCKS = YES;
				GCC_WARN_64_TO_32_BIT_CONVERSION = YES;
				GCC_WARN_ABOUT_RETURN_TYPE = YES_ERROR;
				GCC_WARN_UNDECLARED_SELECTOR = YES;
				GCC_WARN_UNINITIALIZED_AUTOS = YES_AGGRESSIVE;
				GCC_WARN_UNUSED_FUNCTION = YES;
				GCC_WARN_UNUSED_VARIABLE = YES;
				IPHONEOS_DEPLOYMENT_TARGET = 12.4;
				MTL_ENABLE_DEBUG_INFO = NO;
				MTL_FAST_MATH = YES;
				SDKROOT = iphoneos;
				SWIFT_COMPILATION_MODE = wholemodule;
				SWIFT_OPTIMIZATION_LEVEL = "-O";
				VALIDATE_PRODUCT = YES;
			};
			name = Release;
		};
		7500B53322F9091100819C54 /* Debug */ = {
			isa = XCBuildConfiguration;
			buildSettings = {
				ASSETCATALOG_COMPILER_APPICON_NAME = AppIcon;
				CODE_SIGN_STYLE = Automatic;
				DEVELOPMENT_TEAM = VM55LWG8PP;
				INFOPLIST_FILE = PokeIndex/Info.plist;
				LD_RUNPATH_SEARCH_PATHS = (
					"$(inherited)",
					"@executable_path/Frameworks",
				);
				PRODUCT_BUNDLE_IDENTIFIER = com.elizeurs.PokeIndex;
				PRODUCT_NAME = "$(TARGET_NAME)";
				SWIFT_VERSION = 5.0;
				TARGETED_DEVICE_FAMILY = "1,2";
			};
			name = Debug;
		};
		7500B53422F9091100819C54 /* Release */ = {
			isa = XCBuildConfiguration;
			buildSettings = {
				ASSETCATALOG_COMPILER_APPICON_NAME = AppIcon;
				CODE_SIGN_STYLE = Automatic;
				DEVELOPMENT_TEAM = VM55LWG8PP;
				INFOPLIST_FILE = PokeIndex/Info.plist;
				LD_RUNPATH_SEARCH_PATHS = (
					"$(inherited)",
					"@executable_path/Frameworks",
				);
				PRODUCT_BUNDLE_IDENTIFIER = com.elizeurs.PokeIndex;
				PRODUCT_NAME = "$(TARGET_NAME)";
				SWIFT_VERSION = 5.0;
				TARGETED_DEVICE_FAMILY = "1,2";
			};
			name = Release;
		};
/* End XCBuildConfiguration section */

/* Begin XCConfigurationList section */
		7500B51B22F9091100819C54 /* Build configuration list for PBXProject "PokeIndex" */ = {
			isa = XCConfigurationList;
			buildConfigurations = (
				7500B53022F9091100819C54 /* Debug */,
				7500B53122F9091100819C54 /* Release */,
			);
			defaultConfigurationIsVisible = 0;
			defaultConfigurationName = Release;
		};
		7500B53222F9091100819C54 /* Build configuration list for PBXNativeTarget "PokeIndex" */ = {
			isa = XCConfigurationList;
			buildConfigurations = (
				7500B53322F9091100819C54 /* Debug */,
				7500B53422F9091100819C54 /* Release */,
			);
			defaultConfigurationIsVisible = 0;
			defaultConfigurationName = Release;
		};
/* End XCConfigurationList section */
	};
	rootObject = 7500B51822F9091100819C54 /* Project object */;
}
